// !$*UTF8*$!
{
	archiveVersion = 1;
	classes = {
	};
	objectVersion = 50;
	objects = {

/* Begin PBXBuildFile section */
		092F8F13250185A100B776A7 /* DailyView.swift in Sources */ = {isa = PBXBuildFile; fileRef = 092F8F12250185A100B776A7 /* DailyView.swift */; };
		092F8F152501864C00B776A7 /* AppView.swift in Sources */ = {isa = PBXBuildFile; fileRef = 092F8F142501864C00B776A7 /* AppView.swift */; };
		092F8F182501916E00B776A7 /* Color+actionColors.swift in Sources */ = {isa = PBXBuildFile; fileRef = 092F8F172501916E00B776A7 /* Color+actionColors.swift */; };
		092F8F1B2501939D00B776A7 /* LabelView.swift in Sources */ = {isa = PBXBuildFile; fileRef = 092F8F1A2501939D00B776A7 /* LabelView.swift */; };
		092F8F1D250193A500B776A7 /* ShapeView.swift in Sources */ = {isa = PBXBuildFile; fileRef = 092F8F1C250193A500B776A7 /* ShapeView.swift */; };
		092F8F1F250193AE00B776A7 /* TrackView.swift in Sources */ = {isa = PBXBuildFile; fileRef = 092F8F1E250193AE00B776A7 /* TrackView.swift */; };
		092F8F21250193B900B776A7 /* PulsatingView.swift in Sources */ = {isa = PBXBuildFile; fileRef = 092F8F20250193B900B776A7 /* PulsatingView.swift */; };
		09F6662324D7A6050055D424 /* AppDelegate.swift in Sources */ = {isa = PBXBuildFile; fileRef = 09F6662224D7A6050055D424 /* AppDelegate.swift */; };
		09F6662524D7A6050055D424 /* SceneDelegate.swift in Sources */ = {isa = PBXBuildFile; fileRef = 09F6662424D7A6050055D424 /* SceneDelegate.swift */; };
		09F6662724D7A6050055D424 /* ContentView.swift in Sources */ = {isa = PBXBuildFile; fileRef = 09F6662624D7A6050055D424 /* ContentView.swift */; };
		09F6662924D7A6070055D424 /* Assets.xcassets in Resources */ = {isa = PBXBuildFile; fileRef = 09F6662824D7A6070055D424 /* Assets.xcassets */; };
		09F6662C24D7A6070055D424 /* Preview Assets.xcassets in Resources */ = {isa = PBXBuildFile; fileRef = 09F6662B24D7A6070055D424 /* Preview Assets.xcassets */; };
		09F6662F24D7A6070055D424 /* LaunchScreen.storyboard in Resources */ = {isa = PBXBuildFile; fileRef = 09F6662D24D7A6070055D424 /* LaunchScreen.storyboard */; };
/* End PBXBuildFile section */

/* Begin PBXFileReference section */
		092F8F12250185A100B776A7 /* DailyView.swift */ = {isa = PBXFileReference; lastKnownFileType = sourcecode.swift; path = DailyView.swift; sourceTree = "<group>"; };
		092F8F142501864C00B776A7 /* AppView.swift */ = {isa = PBXFileReference; lastKnownFileType = sourcecode.swift; path = AppView.swift; sourceTree = "<group>"; };
		092F8F172501916E00B776A7 /* Color+actionColors.swift */ = {isa = PBXFileReference; lastKnownFileType = sourcecode.swift; path = "Color+actionColors.swift"; sourceTree = "<group>"; };
		092F8F1A2501939D00B776A7 /* LabelView.swift */ = {isa = PBXFileReference; lastKnownFileType = sourcecode.swift; path = LabelView.swift; sourceTree = "<group>"; };
		092F8F1C250193A500B776A7 /* ShapeView.swift */ = {isa = PBXFileReference; lastKnownFileType = sourcecode.swift; path = ShapeView.swift; sourceTree = "<group>"; };
		092F8F1E250193AE00B776A7 /* TrackView.swift */ = {isa = PBXFileReference; lastKnownFileType = sourcecode.swift; path = TrackView.swift; sourceTree = "<group>"; };
		092F8F20250193B900B776A7 /* PulsatingView.swift */ = {isa = PBXFileReference; lastKnownFileType = sourcecode.swift; path = PulsatingView.swift; sourceTree = "<group>"; };
		09F6661F24D7A6050055D424 /* WaterReminderSwiftUI.app */ = {isa = PBXFileReference; explicitFileType = wrapper.application; includeInIndex = 0; path = WaterReminderSwiftUI.app; sourceTree = BUILT_PRODUCTS_DIR; };
		09F6662224D7A6050055D424 /* AppDelegate.swift */ = {isa = PBXFileReference; lastKnownFileType = sourcecode.swift; path = AppDelegate.swift; sourceTree = "<group>"; };
		09F6662424D7A6050055D424 /* SceneDelegate.swift */ = {isa = PBXFileReference; lastKnownFileType = sourcecode.swift; path = SceneDelegate.swift; sourceTree = "<group>"; };
		09F6662624D7A6050055D424 /* ContentView.swift */ = {isa = PBXFileReference; lastKnownFileType = sourcecode.swift; path = ContentView.swift; sourceTree = "<group>"; };
		09F6662824D7A6070055D424 /* Assets.xcassets */ = {isa = PBXFileReference; lastKnownFileType = folder.assetcatalog; path = Assets.xcassets; sourceTree = "<group>"; };
		09F6662B24D7A6070055D424 /* Preview Assets.xcassets */ = {isa = PBXFileReference; lastKnownFileType = folder.assetcatalog; path = "Preview Assets.xcassets"; sourceTree = "<group>"; };
		09F6662E24D7A6070055D424 /* Base */ = {isa = PBXFileReference; lastKnownFileType = file.storyboard; name = Base; path = Base.lproj/LaunchScreen.storyboard; sourceTree = "<group>"; };
		09F6663024D7A6070055D424 /* Info.plist */ = {isa = PBXFileReference; lastKnownFileType = text.plist.xml; path = Info.plist; sourceTree = "<group>"; };
/* End PBXFileReference section */

/* Begin PBXFrameworksBuildPhase section */
		09F6661C24D7A6050055D424 /* Frameworks */ = {
			isa = PBXFrameworksBuildPhase;
			buildActionMask = 2147483647;
			files = (
			);
			runOnlyForDeploymentPostprocessing = 0;
		};
/* End PBXFrameworksBuildPhase section */

/* Begin PBXGroup section */
		092F8F112501858900B776A7 /* Views */ = {
			isa = PBXGroup;
			children = (
				092F8F192501938C00B776A7 /* Components */,
				092F8F12250185A100B776A7 /* DailyView.swift */,
				092F8F142501864C00B776A7 /* AppView.swift */,
			);
			path = Views;
			sourceTree = "<group>";
		};
		092F8F162501914700B776A7 /* Extensions */ = {
			isa = PBXGroup;
			children = (
				092F8F172501916E00B776A7 /* Color+actionColors.swift */,
			);
			path = Extensions;
			sourceTree = "<group>";
		};
		092F8F192501938C00B776A7 /* Components */ = {
			isa = PBXGroup;
			children = (
				092F8F1A2501939D00B776A7 /* LabelView.swift */,
				092F8F1C250193A500B776A7 /* ShapeView.swift */,
				092F8F1E250193AE00B776A7 /* TrackView.swift */,
				092F8F20250193B900B776A7 /* PulsatingView.swift */,
			);
			path = Components;
			sourceTree = "<group>";
		};
		09F6661624D7A6050055D424 = {
			isa = PBXGroup;
			children = (
				09F6662124D7A6050055D424 /* WaterReminderSwiftUI */,
				09F6662024D7A6050055D424 /* Products */,
			);
			sourceTree = "<group>";
		};
		09F6662024D7A6050055D424 /* Products */ = {
			isa = PBXGroup;
			children = (
				09F6661F24D7A6050055D424 /* WaterReminderSwiftUI.app */,
			);
			name = Products;
			sourceTree = "<group>";
		};
		09F6662124D7A6050055D424 /* WaterReminderSwiftUI */ = {
			isa = PBXGroup;
			children = (
				092F8F162501914700B776A7 /* Extensions */,
				092F8F112501858900B776A7 /* Views */,
				09F6662224D7A6050055D424 /* AppDelegate.swift */,
				09F6662424D7A6050055D424 /* SceneDelegate.swift */,
				09F6662624D7A6050055D424 /* ContentView.swift */,
				09F6662824D7A6070055D424 /* Assets.xcassets */,
				09F6662D24D7A6070055D424 /* LaunchScreen.storyboard */,
				09F6663024D7A6070055D424 /* Info.plist */,
				09F6662A24D7A6070055D424 /* Preview Content */,
			);
			path = WaterReminderSwiftUI;
			sourceTree = "<group>";
		};
		09F6662A24D7A6070055D424 /* Preview Content */ = {
			isa = PBXGroup;
			children = (
				09F6662B24D7A6070055D424 /* Preview Assets.xcassets */,
			);
			path = "Preview Content";
			sourceTree = "<group>";
		};
/* End PBXGroup section */

/* Begin PBXNativeTarget section */
		09F6661E24D7A6050055D424 /* WaterReminderSwiftUI */ = {
			isa = PBXNativeTarget;
			buildConfigurationList = 09F6663324D7A6070055D424 /* Build configuration list for PBXNativeTarget "WaterReminderSwiftUI" */;
			buildPhases = (
				09F6661B24D7A6050055D424 /* Sources */,
				09F6661C24D7A6050055D424 /* Frameworks */,
				09F6661D24D7A6050055D424 /* Resources */,
			);
			buildRules = (
			);
			dependencies = (
			);
			name = WaterReminderSwiftUI;
			productName = WaterReminderSwiftUI;
			productReference = 09F6661F24D7A6050055D424 /* WaterReminderSwiftUI.app */;
			productType = "com.apple.product-type.application";
		};
/* End PBXNativeTarget section */

/* Begin PBXProject section */
		09F6661724D7A6050055D424 /* Project object */ = {
			isa = PBXProject;
			attributes = {
				LastSwiftUpdateCheck = 1160;
				LastUpgradeCheck = 1160;
				ORGANIZATIONNAME = "Jessica Lewinter";
				TargetAttributes = {
					09F6661E24D7A6050055D424 = {
						CreatedOnToolsVersion = 11.6;
					};
				};
			};
			buildConfigurationList = 09F6661A24D7A6050055D424 /* Build configuration list for PBXProject "WaterReminderSwiftUI" */;
			compatibilityVersion = "Xcode 9.3";
			developmentRegion = en;
			hasScannedForEncodings = 0;
			knownRegions = (
				en,
				Base,
			);
			mainGroup = 09F6661624D7A6050055D424;
			productRefGroup = 09F6662024D7A6050055D424 /* Products */;
			projectDirPath = "";
			projectRoot = "";
			targets = (
				09F6661E24D7A6050055D424 /* WaterReminderSwiftUI */,
			);
		};
/* End PBXProject section */

/* Begin PBXResourcesBuildPhase section */
		09F6661D24D7A6050055D424 /* Resources */ = {
			isa = PBXResourcesBuildPhase;
			buildActionMask = 2147483647;
			files = (
				09F6662F24D7A6070055D424 /* LaunchScreen.storyboard in Resources */,
				09F6662C24D7A6070055D424 /* Preview Assets.xcassets in Resources */,
				09F6662924D7A6070055D424 /* Assets.xcassets in Resources */,
			);
			runOnlyForDeploymentPostprocessing = 0;
		};
/* End PBXResourcesBuildPhase section */

/* Begin PBXSourcesBuildPhase section */
		09F6661B24D7A6050055D424 /* Sources */ = {
			isa = PBXSourcesBuildPhase;
			buildActionMask = 2147483647;
			files = (
				092F8F13250185A100B776A7 /* DailyView.swift in Sources */,
				09F6662324D7A6050055D424 /* AppDelegate.swift in Sources */,
				092F8F1B2501939D00B776A7 /* LabelView.swift in Sources */,
				09F6662524D7A6050055D424 /* SceneDelegate.swift in Sources */,
				092F8F1F250193AE00B776A7 /* TrackView.swift in Sources */,
				092F8F152501864C00B776A7 /* AppView.swift in Sources */,
				092F8F21250193B900B776A7 /* PulsatingView.swift in Sources */,
				09F6662724D7A6050055D424 /* ContentView.swift in Sources */,
				092F8F1D250193A500B776A7 /* ShapeView.swift in Sources */,
				092F8F182501916E00B776A7 /* Color+actionColors.swift in Sources */,
			);
			runOnlyForDeploymentPostprocessing = 0;
		};
/* End PBXSourcesBuildPhase section */

/* Begin PBXVariantGroup section */
		09F6662D24D7A6070055D424 /* LaunchScreen.storyboard */ = {
			isa = PBXVariantGroup;
			children = (
				09F6662E24D7A6070055D424 /* Base */,
			);
			name = LaunchScreen.storyboard;
			sourceTree = "<group>";
		};
/* End PBXVariantGroup section */

/* Begin XCBuildConfiguration section */
		09F6663124D7A6070055D424 /* Debug */ = {
			isa = XCBuildConfiguration;
			buildSettings = {
				ALWAYS_SEARCH_USER_PATHS = NO;
				CLANG_ANALYZER_NONNULL = YES;
				CLANG_ANALYZER_NUMBER_OBJECT_CONVERSION = YES_AGGRESSIVE;
				CLANG_CXX_LANGUAGE_STANDARD = "gnu++14";
				CLANG_CXX_LIBRARY = "libc++";
				CLANG_ENABLE_MODULES = YES;
				CLANG_ENABLE_OBJC_ARC = YES;
				CLANG_ENABLE_OBJC_WEAK = YES;
				CLANG_WARN_BLOCK_CAPTURE_AUTORELEASING = YES;
				CLANG_WARN_BOOL_CONVERSION = YES;
				CLANG_WARN_COMMA = YES;
				CLANG_WARN_CONSTANT_CONVERSION = YES;
				CLANG_WARN_DEPRECATED_OBJC_IMPLEMENTATIONS = YES;
				CLANG_WARN_DIRECT_OBJC_ISA_USAGE = YES_ERROR;
				CLANG_WARN_DOCUMENTATION_COMMENTS = YES;
				CLANG_WARN_EMPTY_BODY = YES;
				CLANG_WARN_ENUM_CONVERSION = YES;
				CLANG_WARN_INFINITE_RECURSION = YES;
				CLANG_WARN_INT_CONVERSION = YES;
				CLANG_WARN_NON_LITERAL_NULL_CONVERSION = YES;
				CLANG_WARN_OBJC_IMPLICIT_RETAIN_SELF = YES;
				CLANG_WARN_OBJC_LITERAL_CONVERSION = YES;
				CLANG_WARN_OBJC_ROOT_CLASS = YES_ERROR;
				CLANG_WARN_RANGE_LOOP_ANALYSIS = YES;
				CLANG_WARN_STRICT_PROTOTYPES = YES;
				CLANG_WARN_SUSPICIOUS_MOVE = YES;
				CLANG_WARN_UNGUARDED_AVAILABILITY = YES_AGGRESSIVE;
				CLANG_WARN_UNREACHABLE_CODE = YES;
				CLANG_WARN__DUPLICATE_METHOD_MATCH = YES;
				COPY_PHASE_STRIP = NO;
				DEBUG_INFORMATION_FORMAT = dwarf;
				ENABLE_STRICT_OBJC_MSGSEND = YES;
				ENABLE_TESTABILITY = YES;
				GCC_C_LANGUAGE_STANDARD = gnu11;
				GCC_DYNAMIC_NO_PIC = NO;
				GCC_NO_COMMON_BLOCKS = YES;
				GCC_OPTIMIZATION_LEVEL = 0;
				GCC_PREPROCESSOR_DEFINITIONS = (
					"DEBUG=1",
					"$(inherited)",
				);
				GCC_WARN_64_TO_32_BIT_CONVERSION = YES;
				GCC_WARN_ABOUT_RETURN_TYPE = YES_ERROR;
				GCC_WARN_UNDECLARED_SELECTOR = YES;
				GCC_WARN_UNINITIALIZED_AUTOS = YES_AGGRESSIVE;
				GCC_WARN_UNUSED_FUNCTION = YES;
				GCC_WARN_UNUSED_VARIABLE = YES;
				IPHONEOS_DEPLOYMENT_TARGET = 13.6;
				MTL_ENABLE_DEBUG_INFO = INCLUDE_SOURCE;
				MTL_FAST_MATH = YES;
				ONLY_ACTIVE_ARCH = YES;
				SDKROOT = iphoneos;
				SWIFT_ACTIVE_COMPILATION_CONDITIONS = DEBUG;
				SWIFT_OPTIMIZATION_LEVEL = "-Onone";
			};
			name = Debug;
		};
		09F6663224D7A6070055D424 /* Release */ = {
			isa = XCBuildConfiguration;
			buildSettings = {
				ALWAYS_SEARCH_USER_PATHS = NO;
				CLANG_ANALYZER_NONNULL = YES;
				CLANG_ANALYZER_NUMBER_OBJECT_CONVERSION = YES_AGGRESSIVE;
				CLANG_CXX_LANGUAGE_STANDARD = "gnu++14";
				CLANG_CXX_LIBRARY = "libc++";
				CLANG_ENABLE_MODULES = YES;
				CLANG_ENABLE_OBJC_ARC = YES;
				CLANG_ENABLE_OBJC_WEAK = YES;
				CLANG_WARN_BLOCK_CAPTURE_AUTORELEASING = YES;
				CLANG_WARN_BOOL_CONVERSION = YES;
				CLANG_WARN_COMMA = YES;
				CLANG_WARN_CONSTANT_CONVERSION = YES;
				CLANG_WARN_DEPRECATED_OBJC_IMPLEMENTATIONS = YES;
				CLANG_WARN_DIRECT_OBJC_ISA_USAGE = YES_ERROR;
				CLANG_WARN_DOCUMENTATION_COMMENTS = YES;
				CLANG_WARN_EMPTY_BODY = YES;
				CLANG_WARN_ENUM_CONVERSION = YES;
				CLANG_WARN_INFINITE_RECURSION = YES;
				CLANG_WARN_INT_CONVERSION = YES;
				CLANG_WARN_NON_LITERAL_NULL_CONVERSION = YES;
				CLANG_WARN_OBJC_IMPLICIT_RETAIN_SELF = YES;
				CLANG_WARN_OBJC_LITERAL_CONVERSION = YES;
				CLANG_WARN_OBJC_ROOT_CLASS = YES_ERROR;
				CLANG_WARN_RANGE_LOOP_ANALYSIS = YES;
				CLANG_WARN_STRICT_PROTOTYPES = YES;
				CLANG_WARN_SUSPICIOUS_MOVE = YES;
				CLANG_WARN_UNGUARDED_AVAILABILITY = YES_AGGRESSIVE;
				CLANG_WARN_UNREACHABLE_CODE = YES;
				CLANG_WARN__DUPLICATE_METHOD_MATCH = YES;
				COPY_PHASE_STRIP = NO;
				DEBUG_INFORMATION_FORMAT = "dwarf-with-dsym";
				ENABLE_NS_ASSERTIONS = NO;
				ENABLE_STRICT_OBJC_MSGSEND = YES;
				GCC_C_LANGUAGE_STANDARD = gnu11;
				GCC_NO_COMMON_BLOCKS = YES;
				GCC_WARN_64_TO_32_BIT_CONVERSION = YES;
				GCC_WARN_ABOUT_RETURN_TYPE = YES_ERROR;
				GCC_WARN_UNDECLARED_SELECTOR = YES;
				GCC_WARN_UNINITIALIZED_AUTOS = YES_AGGRESSIVE;
				GCC_WARN_UNUSED_FUNCTION = YES;
				GCC_WARN_UNUSED_VARIABLE = YES;
				IPHONEOS_DEPLOYMENT_TARGET = 13.6;
				MTL_ENABLE_DEBUG_INFO = NO;
				MTL_FAST_MATH = YES;
				SDKROOT = iphoneos;
				SWIFT_COMPILATION_MODE = wholemodule;
				SWIFT_OPTIMIZATION_LEVEL = "-O";
				VALIDATE_PRODUCT = YES;
			};
			name = Release;
		};
		09F6663424D7A6070055D424 /* Debug */ = {
			isa = XCBuildConfiguration;
			buildSettings = {
				ASSETCATALOG_COMPILER_APPICON_NAME = AppIcon;
				CODE_SIGN_STYLE = Automatic;
				DEVELOPMENT_ASSET_PATHS = "\"WaterReminderSwiftUI/Preview Content\"";
				DEVELOPMENT_TEAM = FG6BFSTBUF;
				ENABLE_PREVIEWS = YES;
				INFOPLIST_FILE = WaterReminderSwiftUI/Info.plist;
				IPHONEOS_DEPLOYMENT_TARGET = 13.7;
				LD_RUNPATH_SEARCH_PATHS = (
					"$(inherited)",
					"@executable_path/Frameworks",
				);
				PRODUCT_BUNDLE_IDENTIFIER = com.jessicalewinter.WaterReminderSwiftUI;
				PRODUCT_NAME = "$(TARGET_NAME)";
				SWIFT_VERSION = 5.0;
				TARGETED_DEVICE_FAMILY = "1,2";
			};
			name = Debug;
		};
		09F6663524D7A6070055D424 /* Release */ = {
			isa = XCBuildConfiguration;
			buildSettings = {
				ASSETCATALOG_COMPILER_APPICON_NAME = AppIcon;
				CODE_SIGN_STYLE = Automatic;
				DEVELOPMENT_ASSET_PATHS = "\"WaterReminderSwiftUI/Preview Content\"";
				DEVELOPMENT_TEAM = FG6BFSTBUF;
				ENABLE_PREVIEWS = YES;
				INFOPLIST_FILE = WaterReminderSwiftUI/Info.plist;
				IPHONEOS_DEPLOYMENT_TARGET = 13.7;
				LD_RUNPATH_SEARCH_PATHS = (
					"$(inherited)",
					"@executable_path/Frameworks",
				);
				PRODUCT_BUNDLE_IDENTIFIER = com.jessicalewinter.WaterReminderSwiftUI;
				PRODUCT_NAME = "$(TARGET_NAME)";
				SWIFT_VERSION = 5.0;
				TARGETED_DEVICE_FAMILY = "1,2";
			};
			name = Release;
		};
/* End XCBuildConfiguration section */

/* Begin XCConfigurationList section */
		09F6661A24D7A6050055D424 /* Build configuration list for PBXProject "WaterReminderSwiftUI" */ = {
			isa = XCConfigurationList;
			buildConfigurations = (
				09F6663124D7A6070055D424 /* Debug */,
				09F6663224D7A6070055D424 /* Release */,
			);
			defaultConfigurationIsVisible = 0;
			defaultConfigurationName = Release;
		};
		09F6663324D7A6070055D424 /* Build configuration list for PBXNativeTarget "WaterReminderSwiftUI" */ = {
			isa = XCConfigurationList;
			buildConfigurations = (
				09F6663424D7A6070055D424 /* Debug */,
				09F6663524D7A6070055D424 /* Release */,
			);
			defaultConfigurationIsVisible = 0;
			defaultConfigurationName = Release;
		};
/* End XCConfigurationList section */
	};
	rootObject = 09F6661724D7A6050055D424 /* Project object */;
}
