// !$*UTF8*$!
{
	archiveVersion = 1;
	classes = {
	};
	objectVersion = 50;
	objects = {

/* Begin PBXBuildFile section */
		09F6660324D7A5D80055D424 /* AppDelegate.swift in Sources */ = {isa = PBXBuildFile; fileRef = 09F6660224D7A5D80055D424 /* AppDelegate.swift */; };
		09F6660524D7A5D80055D424 /* SceneDelegate.swift in Sources */ = {isa = PBXBuildFile; fileRef = 09F6660424D7A5D80055D424 /* SceneDelegate.swift */; };
		09F6660724D7A5D80055D424 /* ViewController.swift in Sources */ = {isa = PBXBuildFile; fileRef = 09F6660624D7A5D80055D424 /* ViewController.swift */; };
		09F6660A24D7A5D80055D424 /* Main.storyboard in Resources */ = {isa = PBXBuildFile; fileRef = 09F6660824D7A5D80055D424 /* Main.storyboard */; };
		09F6660C24D7A5E20055D424 /* Assets.xcassets in Resources */ = {isa = PBXBuildFile; fileRef = 09F6660B24D7A5E20055D424 /* Assets.xcassets */; };
		09F6660F24D7A5E20055D424 /* LaunchScreen.storyboard in Resources */ = {isa = PBXBuildFile; fileRef = 09F6660D24D7A5E20055D424 /* LaunchScreen.storyboard */; };
/* End PBXBuildFile section */

/* Begin PBXFileReference section */
		09F665FF24D7A5D80055D424 /* WaterReminderUIKit.app */ = {isa = PBXFileReference; explicitFileType = wrapper.application; includeInIndex = 0; path = WaterReminderUIKit.app; sourceTree = BUILT_PRODUCTS_DIR; };
		09F6660224D7A5D80055D424 /* AppDelegate.swift */ = {isa = PBXFileReference; lastKnownFileType = sourcecode.swift; path = AppDelegate.swift; sourceTree = "<group>"; };
		09F6660424D7A5D80055D424 /* SceneDelegate.swift */ = {isa = PBXFileReference; lastKnownFileType = sourcecode.swift; path = SceneDelegate.swift; sourceTree = "<group>"; };
		09F6660624D7A5D80055D424 /* ViewController.swift */ = {isa = PBXFileReference; lastKnownFileType = sourcecode.swift; path = ViewController.swift; sourceTree = "<group>"; };
		09F6660924D7A5D80055D424 /* Base */ = {isa = PBXFileReference; lastKnownFileType = file.storyboard; name = Base; path = Base.lproj/Main.storyboard; sourceTree = "<group>"; };
		09F6660B24D7A5E20055D424 /* Assets.xcassets */ = {isa = PBXFileReference; lastKnownFileType = folder.assetcatalog; path = Assets.xcassets; sourceTree = "<group>"; };
		09F6660E24D7A5E20055D424 /* Base */ = {isa = PBXFileReference; lastKnownFileType = file.storyboard; name = Base; path = Base.lproj/LaunchScreen.storyboard; sourceTree = "<group>"; };
		09F6661024D7A5E20055D424 /* Info.plist */ = {isa = PBXFileReference; lastKnownFileType = text.plist.xml; path = Info.plist; sourceTree = "<group>"; };
/* End PBXFileReference section */

/* Begin PBXFrameworksBuildPhase section */
		09F665FC24D7A5D80055D424 /* Frameworks */ = {
			isa = PBXFrameworksBuildPhase;
			buildActionMask = 2147483647;
			files = (
			);
			runOnlyForDeploymentPostprocessing = 0;
		};
/* End PBXFrameworksBuildPhase section */

/* Begin PBXGroup section */
		09F665F624D7A5D70055D424 = {
			isa = PBXGroup;
			children = (
				09F6660124D7A5D80055D424 /* WaterReminderUIKit */,
				09F6660024D7A5D80055D424 /* Products */,
			);
			sourceTree = "<group>";
		};
		09F6660024D7A5D80055D424 /* Products */ = {
			isa = PBXGroup;
			children = (
				09F665FF24D7A5D80055D424 /* WaterReminderUIKit.app */,
			);
			name = Products;
			sourceTree = "<group>";
		};
		09F6660124D7A5D80055D424 /* WaterReminderUIKit */ = {
			isa = PBXGroup;
			children = (
				09F6660224D7A5D80055D424 /* AppDelegate.swift */,
				09F6660424D7A5D80055D424 /* SceneDelegate.swift */,
				09F6660624D7A5D80055D424 /* ViewController.swift */,
				09F6660824D7A5D80055D424 /* Main.storyboard */,
				09F6660B24D7A5E20055D424 /* Assets.xcassets */,
				09F6660D24D7A5E20055D424 /* LaunchScreen.storyboard */,
				09F6661024D7A5E20055D424 /* Info.plist */,
			);
			path = WaterReminderUIKit;
			sourceTree = "<group>";
		};
/* End PBXGroup section */

/* Begin PBXNativeTarget section */
		09F665FE24D7A5D80055D424 /* WaterReminderUIKit */ = {
			isa = PBXNativeTarget;
			buildConfigurationList = 09F6661324D7A5E20055D424 /* Build configuration list for PBXNativeTarget "WaterReminderUIKit" */;
			buildPhases = (
				09F665FB24D7A5D80055D424 /* Sources */,
				09F665FC24D7A5D80055D424 /* Frameworks */,
				09F665FD24D7A5D80055D424 /* Resources */,
			);
			buildRules = (
			);
			dependencies = (
			);
			name = WaterReminderUIKit;
			productName = WaterReminderUIKit;
			productReference = 09F665FF24D7A5D80055D424 /* WaterReminderUIKit.app */;
			productType = "com.apple.product-type.application";
		};
/* End PBXNativeTarget section */

/* Begin PBXProject section */
		09F665F724D7A5D70055D424 /* Project object */ = {
			isa = PBXProject;
			attributes = {
				LastSwiftUpdateCheck = 1160;
				LastUpgradeCheck = 1160;
				ORGANIZATIONNAME = "Jessica Lewinter";
				TargetAttributes = {
					09F665FE24D7A5D80055D424 = {
						CreatedOnToolsVersion = 11.6;
					};
				};
			};
			buildConfigurationList = 09F665FA24D7A5D70055D424 /* Build configuration list for PBXProject "WaterReminderUIKit" */;
			compatibilityVersion = "Xcode 9.3";
			developmentRegion = en;
			hasScannedForEncodings = 0;
			knownRegions = (
				en,
				Base,
			);
			mainGroup = 09F665F624D7A5D70055D424;
			productRefGroup = 09F6660024D7A5D80055D424 /* Products */;
			projectDirPath = "";
			projectRoot = "";
			targets = (
				09F665FE24D7A5D80055D424 /* WaterReminderUIKit */,
			);
		};
/* End PBXProject section */

/* Begin PBXResourcesBuildPhase section */
		09F665FD24D7A5D80055D424 /* Resources */ = {
			isa = PBXResourcesBuildPhase;
			buildActionMask = 2147483647;
			files = (
				09F6660F24D7A5E20055D424 /* LaunchScreen.storyboard in Resources */,
				09F6660C24D7A5E20055D424 /* Assets.xcassets in Resources */,
				09F6660A24D7A5D80055D424 /* Main.storyboard in Resources */,
			);
			runOnlyForDeploymentPostprocessing = 0;
		};
/* End PBXResourcesBuildPhase section */

/* Begin PBXSourcesBuildPhase section */
		09F665FB24D7A5D80055D424 /* Sources */ = {
			isa = PBXSourcesBuildPhase;
			buildActionMask = 2147483647;
			files = (
				09F6660724D7A5D80055D424 /* ViewController.swift in Sources */,
				09F6660324D7A5D80055D424 /* AppDelegate.swift in Sources */,
				09F6660524D7A5D80055D424 /* SceneDelegate.swift in Sources */,
			);
			runOnlyForDeploymentPostprocessing = 0;
		};
/* End PBXSourcesBuildPhase section */

/* Begin PBXVariantGroup section */
		09F6660824D7A5D80055D424 /* Main.storyboard */ = {
			isa = PBXVariantGroup;
			children = (
				09F6660924D7A5D80055D424 /* Base */,
			);
			name = Main.storyboard;
			sourceTree = "<group>";
		};
		09F6660D24D7A5E20055D424 /* LaunchScreen.storyboard */ = {
			isa = PBXVariantGroup;
			children = (
				09F6660E24D7A5E20055D424 /* Base */,
			);
			name = LaunchScreen.storyboard;
			sourceTree = "<group>";
		};
/* End PBXVariantGroup section */

/* Begin XCBuildConfiguration section */
		09F6661124D7A5E20055D424 /* Debug */ = {
			isa = XCBuildConfiguration;
			buildSettings = {
				ALWAYS_SEARCH_USER_PATHS = NO;
				CLANG_ANALYZER_NONNULL = YES;
				CLANG_ANALYZER_NUMBER_OBJECT_CONVERSION = YES_AGGRESSIVE;
				CLANG_CXX_LANGUAGE_STANDARD = "gnu++14";
				CLANG_CXX_LIBRARY = "libc++";
				CLANG_ENABLE_MODULES = YES;
				CLANG_ENABLE_OBJC_ARC = YES;
				CLANG_ENABLE_OBJC_WEAK = YES;
				CLANG_WARN_BLOCK_CAPTURE_AUTORELEASING = YES;
				CLANG_WARN_BOOL_CONVERSION = YES;
				CLANG_WARN_COMMA = YES;
				CLANG_WARN_CONSTANT_CONVERSION = YES;
				CLANG_WARN_DEPRECATED_OBJC_IMPLEMENTATIONS = YES;
				CLANG_WARN_DIRECT_OBJC_ISA_USAGE = YES_ERROR;
				CLANG_WARN_DOCUMENTATION_COMMENTS = YES;
				CLANG_WARN_EMPTY_BODY = YES;
				CLANG_WARN_ENUM_CONVERSION = YES;
				CLANG_WARN_INFINITE_RECURSION = YES;
				CLANG_WARN_INT_CONVERSION = YES;
				CLANG_WARN_NON_LITERAL_NULL_CONVERSION = YES;
				CLANG_WARN_OBJC_IMPLICIT_RETAIN_SELF = YES;
				CLANG_WARN_OBJC_LITERAL_CONVERSION = YES;
				CLANG_WARN_OBJC_ROOT_CLASS = YES_ERROR;
				CLANG_WARN_RANGE_LOOP_ANALYSIS = YES;
				CLANG_WARN_STRICT_PROTOTYPES = YES;
				CLANG_WARN_SUSPICIOUS_MOVE = YES;
				CLANG_WARN_UNGUARDED_AVAILABILITY = YES_AGGRESSIVE;
				CLANG_WARN_UNREACHABLE_CODE = YES;
				CLANG_WARN__DUPLICATE_METHOD_MATCH = YES;
				COPY_PHASE_STRIP = NO;
				DEBUG_INFORMATION_FORMAT = dwarf;
				ENABLE_STRICT_OBJC_MSGSEND = YES;
				ENABLE_TESTABILITY = YES;
				GCC_C_LANGUAGE_STANDARD = gnu11;
				GCC_DYNAMIC_NO_PIC = NO;
				GCC_NO_COMMON_BLOCKS = YES;
				GCC_OPTIMIZATION_LEVEL = 0;
				GCC_PREPROCESSOR_DEFINITIONS = (
					"DEBUG=1",
					"$(inherited)",
				);
				GCC_WARN_64_TO_32_BIT_CONVERSION = YES;
				GCC_WARN_ABOUT_RETURN_TYPE = YES_ERROR;
				GCC_WARN_UNDECLARED_SELECTOR = YES;
				GCC_WARN_UNINITIALIZED_AUTOS = YES_AGGRESSIVE;
				GCC_WARN_UNUSED_FUNCTION = YES;
				GCC_WARN_UNUSED_VARIABLE = YES;
				IPHONEOS_DEPLOYMENT_TARGET = 13.6;
				MTL_ENABLE_DEBUG_INFO = INCLUDE_SOURCE;
				MTL_FAST_MATH = YES;
				ONLY_ACTIVE_ARCH = YES;
				SDKROOT = iphoneos;
				SWIFT_ACTIVE_COMPILATION_CONDITIONS = DEBUG;
				SWIFT_OPTIMIZATION_LEVEL = "-Onone";
			};
			name = Debug;
		};
		09F6661224D7A5E20055D424 /* Release */ = {
			isa = XCBuildConfiguration;
			buildSettings = {
				ALWAYS_SEARCH_USER_PATHS = NO;
				CLANG_ANALYZER_NONNULL = YES;
				CLANG_ANALYZER_NUMBER_OBJECT_CONVERSION = YES_AGGRESSIVE;
				CLANG_CXX_LANGUAGE_STANDARD = "gnu++14";
				CLANG_CXX_LIBRARY = "libc++";
				CLANG_ENABLE_MODULES = YES;
				CLANG_ENABLE_OBJC_ARC = YES;
				CLANG_ENABLE_OBJC_WEAK = YES;
				CLANG_WARN_BLOCK_CAPTURE_AUTORELEASING = YES;
				CLANG_WARN_BOOL_CONVERSION = YES;
				CLANG_WARN_COMMA = YES;
				CLANG_WARN_CONSTANT_CONVERSION = YES;
				CLANG_WARN_DEPRECATED_OBJC_IMPLEMENTATIONS = YES;
				CLANG_WARN_DIRECT_OBJC_ISA_USAGE = YES_ERROR;
				CLANG_WARN_DOCUMENTATION_COMMENTS = YES;
				CLANG_WARN_EMPTY_BODY = YES;
				CLANG_WARN_ENUM_CONVERSION = YES;
				CLANG_WARN_INFINITE_RECURSION = YES;
				CLANG_WARN_INT_CONVERSION = YES;
				CLANG_WARN_NON_LITERAL_NULL_CONVERSION = YES;
				CLANG_WARN_OBJC_IMPLICIT_RETAIN_SELF = YES;
				CLANG_WARN_OBJC_LITERAL_CONVERSION = YES;
				CLANG_WARN_OBJC_ROOT_CLASS = YES_ERROR;
				CLANG_WARN_RANGE_LOOP_ANALYSIS = YES;
				CLANG_WARN_STRICT_PROTOTYPES = YES;
				CLANG_WARN_SUSPICIOUS_MOVE = YES;
				CLANG_WARN_UNGUARDED_AVAILABILITY = YES_AGGRESSIVE;
				CLANG_WARN_UNREACHABLE_CODE = YES;
				CLANG_WARN__DUPLICATE_METHOD_MATCH = YES;
				COPY_PHASE_STRIP = NO;
				DEBUG_INFORMATION_FORMAT = "dwarf-with-dsym";
				ENABLE_NS_ASSERTIONS = NO;
				ENABLE_STRICT_OBJC_MSGSEND = YES;
				GCC_C_LANGUAGE_STANDARD = gnu11;
				GCC_NO_COMMON_BLOCKS = YES;
				GCC_WARN_64_TO_32_BIT_CONVERSION = YES;
				GCC_WARN_ABOUT_RETURN_TYPE = YES_ERROR;
				GCC_WARN_UNDECLARED_SELECTOR = YES;
				GCC_WARN_UNINITIALIZED_AUTOS = YES_AGGRESSIVE;
				GCC_WARN_UNUSED_FUNCTION = YES;
				GCC_WARN_UNUSED_VARIABLE = YES;
				IPHONEOS_DEPLOYMENT_TARGET = 13.6;
				MTL_ENABLE_DEBUG_INFO = NO;
				MTL_FAST_MATH = YES;
				SDKROOT = iphoneos;
				SWIFT_COMPILATION_MODE = wholemodule;
				SWIFT_OPTIMIZATION_LEVEL = "-O";
				VALIDATE_PRODUCT = YES;
			};
			name = Release;
		};
		09F6661424D7A5E20055D424 /* Debug */ = {
			isa = XCBuildConfiguration;
			buildSettings = {
				ASSETCATALOG_COMPILER_APPICON_NAME = AppIcon;
				CODE_SIGN_STYLE = Automatic;
				DEVELOPMENT_TEAM = FG6BFSTBUF;
				INFOPLIST_FILE = WaterReminderUIKit/Info.plist;
				LD_RUNPATH_SEARCH_PATHS = (
					"$(inherited)",
					"@executable_path/Frameworks",
				);
				PRODUCT_BUNDLE_IDENTIFIER = com.jessicalewinter.WaterReminderUIKit;
				PRODUCT_NAME = "$(TARGET_NAME)";
				SWIFT_VERSION = 5.0;
				TARGETED_DEVICE_FAMILY = "1,2";
			};
			name = Debug;
		};
		09F6661524D7A5E20055D424 /* Release */ = {
			isa = XCBuildConfiguration;
			buildSettings = {
				ASSETCATALOG_COMPILER_APPICON_NAME = AppIcon;
				CODE_SIGN_STYLE = Automatic;
				DEVELOPMENT_TEAM = FG6BFSTBUF;
				INFOPLIST_FILE = WaterReminderUIKit/Info.plist;
				LD_RUNPATH_SEARCH_PATHS = (
					"$(inherited)",
					"@executable_path/Frameworks",
				);
				PRODUCT_BUNDLE_IDENTIFIER = com.jessicalewinter.WaterReminderUIKit;
				PRODUCT_NAME = "$(TARGET_NAME)";
				SWIFT_VERSION = 5.0;
				TARGETED_DEVICE_FAMILY = "1,2";
			};
			name = Release;
		};
/* End XCBuildConfiguration section */

/* Begin XCConfigurationList section */
		09F665FA24D7A5D70055D424 /* Build configuration list for PBXProject "WaterReminderUIKit" */ = {
			isa = XCConfigurationList;
			buildConfigurations = (
				09F6661124D7A5E20055D424 /* Debug */,
				09F6661224D7A5E20055D424 /* Release */,
			);
			defaultConfigurationIsVisible = 0;
			defaultConfigurationName = Release;
		};
		09F6661324D7A5E20055D424 /* Build configuration list for PBXNativeTarget "WaterReminderUIKit" */ = {
			isa = XCConfigurationList;
			buildConfigurations = (
				09F6661424D7A5E20055D424 /* Debug */,
				09F6661524D7A5E20055D424 /* Release */,
			);
			defaultConfigurationIsVisible = 0;
			defaultConfigurationName = Release;
		};
/* End XCConfigurationList section */
	};
	rootObject = 09F665F724D7A5D70055D424 /* Project object */;
}
