// !$*UTF8*$!
{
	archiveVersion = 1;
	classes = {
	};
	objectVersion = 50;
	objects = {

/* Begin PBXBuildFile section */
		DCD8B7292412CB1600C95694 /* AppDelegate.swift in Sources */ = {isa = PBXBuildFile; fileRef = DCD8B7282412CB1600C95694 /* AppDelegate.swift */; };
		DCD8B72B2412CB1600C95694 /* SceneDelegate.swift in Sources */ = {isa = PBXBuildFile; fileRef = DCD8B72A2412CB1600C95694 /* SceneDelegate.swift */; };
		DCD8B72D2412CB1600C95694 /* ContentView.swift in Sources */ = {isa = PBXBuildFile; fileRef = DCD8B72C2412CB1600C95694 /* ContentView.swift */; };
		DCD8B72F2412CB1900C95694 /* Assets.xcassets in Resources */ = {isa = PBXBuildFile; fileRef = DCD8B72E2412CB1900C95694 /* Assets.xcassets */; };
		DCD8B7322412CB1900C95694 /* Preview Assets.xcassets in Resources */ = {isa = PBXBuildFile; fileRef = DCD8B7312412CB1900C95694 /* Preview Assets.xcassets */; };
		DCD8B7352412CB1900C95694 /* LaunchScreen.storyboard in Resources */ = {isa = PBXBuildFile; fileRef = DCD8B7332412CB1900C95694 /* LaunchScreen.storyboard */; };
		DCD8B73D2412CBD600C95694 /* albuns.json in Resources */ = {isa = PBXBuildFile; fileRef = DCD8B73C2412CBD600C95694 /* albuns.json */; };
		DCD8B73F2412CBF300C95694 /* Bundle+Extension.swift in Sources */ = {isa = PBXBuildFile; fileRef = DCD8B73E2412CBF300C95694 /* Bundle+Extension.swift */; };
		DCD8B7412412CC3300C95694 /* Album.swift in Sources */ = {isa = PBXBuildFile; fileRef = DCD8B7402412CC3300C95694 /* Album.swift */; };
/* End PBXBuildFile section */

/* Begin PBXFileReference section */
		DCD8B7252412CB1600C95694 /* CardListSwiftUI.app */ = {isa = PBXFileReference; explicitFileType = wrapper.application; includeInIndex = 0; path = CardListSwiftUI.app; sourceTree = BUILT_PRODUCTS_DIR; };
		DCD8B7282412CB1600C95694 /* AppDelegate.swift */ = {isa = PBXFileReference; lastKnownFileType = sourcecode.swift; path = AppDelegate.swift; sourceTree = "<group>"; };
		DCD8B72A2412CB1600C95694 /* SceneDelegate.swift */ = {isa = PBXFileReference; lastKnownFileType = sourcecode.swift; path = SceneDelegate.swift; sourceTree = "<group>"; };
		DCD8B72C2412CB1600C95694 /* ContentView.swift */ = {isa = PBXFileReference; lastKnownFileType = sourcecode.swift; path = ContentView.swift; sourceTree = "<group>"; };
		DCD8B72E2412CB1900C95694 /* Assets.xcassets */ = {isa = PBXFileReference; lastKnownFileType = folder.assetcatalog; path = Assets.xcassets; sourceTree = "<group>"; };
		DCD8B7312412CB1900C95694 /* Preview Assets.xcassets */ = {isa = PBXFileReference; lastKnownFileType = folder.assetcatalog; path = "Preview Assets.xcassets"; sourceTree = "<group>"; };
		DCD8B7342412CB1900C95694 /* Base */ = {isa = PBXFileReference; lastKnownFileType = file.storyboard; name = Base; path = Base.lproj/LaunchScreen.storyboard; sourceTree = "<group>"; };
		DCD8B7362412CB1900C95694 /* Info.plist */ = {isa = PBXFileReference; lastKnownFileType = text.plist.xml; path = Info.plist; sourceTree = "<group>"; };
		DCD8B73C2412CBD600C95694 /* albuns.json */ = {isa = PBXFileReference; lastKnownFileType = text.json; path = albuns.json; sourceTree = "<group>"; };
		DCD8B73E2412CBF300C95694 /* Bundle+Extension.swift */ = {isa = PBXFileReference; lastKnownFileType = sourcecode.swift; path = "Bundle+Extension.swift"; sourceTree = "<group>"; };
		DCD8B7402412CC3300C95694 /* Album.swift */ = {isa = PBXFileReference; lastKnownFileType = sourcecode.swift; path = Album.swift; sourceTree = "<group>"; };
/* End PBXFileReference section */

/* Begin PBXFrameworksBuildPhase section */
		DCD8B7222412CB1600C95694 /* Frameworks */ = {
			isa = PBXFrameworksBuildPhase;
			buildActionMask = 2147483647;
			files = (
			);
			runOnlyForDeploymentPostprocessing = 0;
		};
/* End PBXFrameworksBuildPhase section */

/* Begin PBXGroup section */
		DCD8B71C2412CB1600C95694 = {
			isa = PBXGroup;
			children = (
				DCD8B7272412CB1600C95694 /* CardListSwiftUI */,
				DCD8B7262412CB1600C95694 /* Products */,
			);
			sourceTree = "<group>";
		};
		DCD8B7262412CB1600C95694 /* Products */ = {
			isa = PBXGroup;
			children = (
				DCD8B7252412CB1600C95694 /* CardListSwiftUI.app */,
			);
			name = Products;
			sourceTree = "<group>";
		};
		DCD8B7272412CB1600C95694 /* CardListSwiftUI */ = {
			isa = PBXGroup;
			children = (
				DCD8B7282412CB1600C95694 /* AppDelegate.swift */,
				DCD8B72A2412CB1600C95694 /* SceneDelegate.swift */,
				DCD8B72C2412CB1600C95694 /* ContentView.swift */,
				DCD8B7402412CC3300C95694 /* Album.swift */,
				DCD8B73E2412CBF300C95694 /* Bundle+Extension.swift */,
				DCD8B73C2412CBD600C95694 /* albuns.json */,
				DCD8B72E2412CB1900C95694 /* Assets.xcassets */,
				DCD8B7332412CB1900C95694 /* LaunchScreen.storyboard */,
				DCD8B7362412CB1900C95694 /* Info.plist */,
				DCD8B7302412CB1900C95694 /* Preview Content */,
			);
			path = CardListSwiftUI;
			sourceTree = "<group>";
		};
		DCD8B7302412CB1900C95694 /* Preview Content */ = {
			isa = PBXGroup;
			children = (
				DCD8B7312412CB1900C95694 /* Preview Assets.xcassets */,
			);
			path = "Preview Content";
			sourceTree = "<group>";
		};
/* End PBXGroup section */

/* Begin PBXNativeTarget section */
		DCD8B7242412CB1600C95694 /* CardListSwiftUI */ = {
			isa = PBXNativeTarget;
			buildConfigurationList = DCD8B7392412CB1900C95694 /* Build configuration list for PBXNativeTarget "CardListSwiftUI" */;
			buildPhases = (
				DCD8B7212412CB1600C95694 /* Sources */,
				DCD8B7222412CB1600C95694 /* Frameworks */,
				DCD8B7232412CB1600C95694 /* Resources */,
			);
			buildRules = (
			);
			dependencies = (
			);
			name = CardListSwiftUI;
			productName = CardListSwiftUI;
			productReference = DCD8B7252412CB1600C95694 /* CardListSwiftUI.app */;
			productType = "com.apple.product-type.application";
		};
/* End PBXNativeTarget section */

/* Begin PBXProject section */
		DCD8B71D2412CB1600C95694 /* Project object */ = {
			isa = PBXProject;
			attributes = {
				LastSwiftUpdateCheck = 1130;
				LastUpgradeCheck = 1130;
				ORGANIZATIONNAME = "Mateus Rodrigues";
				TargetAttributes = {
					DCD8B7242412CB1600C95694 = {
						CreatedOnToolsVersion = 11.3.1;
					};
				};
			};
			buildConfigurationList = DCD8B7202412CB1600C95694 /* Build configuration list for PBXProject "CardListSwiftUI" */;
			compatibilityVersion = "Xcode 9.3";
			developmentRegion = en;
			hasScannedForEncodings = 0;
			knownRegions = (
				en,
				Base,
			);
			mainGroup = DCD8B71C2412CB1600C95694;
			productRefGroup = DCD8B7262412CB1600C95694 /* Products */;
			projectDirPath = "";
			projectRoot = "";
			targets = (
				DCD8B7242412CB1600C95694 /* CardListSwiftUI */,
			);
		};
/* End PBXProject section */

/* Begin PBXResourcesBuildPhase section */
		DCD8B7232412CB1600C95694 /* Resources */ = {
			isa = PBXResourcesBuildPhase;
			buildActionMask = 2147483647;
			files = (
				DCD8B73D2412CBD600C95694 /* albuns.json in Resources */,
				DCD8B7352412CB1900C95694 /* LaunchScreen.storyboard in Resources */,
				DCD8B7322412CB1900C95694 /* Preview Assets.xcassets in Resources */,
				DCD8B72F2412CB1900C95694 /* Assets.xcassets in Resources */,
			);
			runOnlyForDeploymentPostprocessing = 0;
		};
/* End PBXResourcesBuildPhase section */

/* Begin PBXSourcesBuildPhase section */
		DCD8B7212412CB1600C95694 /* Sources */ = {
			isa = PBXSourcesBuildPhase;
			buildActionMask = 2147483647;
			files = (
				DCD8B7292412CB1600C95694 /* AppDelegate.swift in Sources */,
				DCD8B72B2412CB1600C95694 /* SceneDelegate.swift in Sources */,
				DCD8B72D2412CB1600C95694 /* ContentView.swift in Sources */,
				DCD8B73F2412CBF300C95694 /* Bundle+Extension.swift in Sources */,
				DCD8B7412412CC3300C95694 /* Album.swift in Sources */,
			);
			runOnlyForDeploymentPostprocessing = 0;
		};
/* End PBXSourcesBuildPhase section */

/* Begin PBXVariantGroup section */
		DCD8B7332412CB1900C95694 /* LaunchScreen.storyboard */ = {
			isa = PBXVariantGroup;
			children = (
				DCD8B7342412CB1900C95694 /* Base */,
			);
			name = LaunchScreen.storyboard;
			sourceTree = "<group>";
		};
/* End PBXVariantGroup section */

/* Begin XCBuildConfiguration section */
		DCD8B7372412CB1900C95694 /* Debug */ = {
			isa = XCBuildConfiguration;
			buildSettings = {
				ALWAYS_SEARCH_USER_PATHS = NO;
				CLANG_ANALYZER_NONNULL = YES;
				CLANG_ANALYZER_NUMBER_OBJECT_CONVERSION = YES_AGGRESSIVE;
				CLANG_CXX_LANGUAGE_STANDARD = "gnu++14";
				CLANG_CXX_LIBRARY = "libc++";
				CLANG_ENABLE_MODULES = YES;
				CLANG_ENABLE_OBJC_ARC = YES;
				CLANG_ENABLE_OBJC_WEAK = YES;
				CLANG_WARN_BLOCK_CAPTURE_AUTORELEASING = YES;
				CLANG_WARN_BOOL_CONVERSION = YES;
				CLANG_WARN_COMMA = YES;
				CLANG_WARN_CONSTANT_CONVERSION = YES;
				CLANG_WARN_DEPRECATED_OBJC_IMPLEMENTATIONS = YES;
				CLANG_WARN_DIRECT_OBJC_ISA_USAGE = YES_ERROR;
				CLANG_WARN_DOCUMENTATION_COMMENTS = YES;
				CLANG_WARN_EMPTY_BODY = YES;
				CLANG_WARN_ENUM_CONVERSION = YES;
				CLANG_WARN_INFINITE_RECURSION = YES;
				CLANG_WARN_INT_CONVERSION = YES;
				CLANG_WARN_NON_LITERAL_NULL_CONVERSION = YES;
				CLANG_WARN_OBJC_IMPLICIT_RETAIN_SELF = YES;
				CLANG_WARN_OBJC_LITERAL_CONVERSION = YES;
				CLANG_WARN_OBJC_ROOT_CLASS = YES_ERROR;
				CLANG_WARN_RANGE_LOOP_ANALYSIS = YES;
				CLANG_WARN_STRICT_PROTOTYPES = YES;
				CLANG_WARN_SUSPICIOUS_MOVE = YES;
				CLANG_WARN_UNGUARDED_AVAILABILITY = YES_AGGRESSIVE;
				CLANG_WARN_UNREACHABLE_CODE = YES;
				CLANG_WARN__DUPLICATE_METHOD_MATCH = YES;
				COPY_PHASE_STRIP = NO;
				DEBUG_INFORMATION_FORMAT = dwarf;
				ENABLE_STRICT_OBJC_MSGSEND = YES;
				ENABLE_TESTABILITY = YES;
				GCC_C_LANGUAGE_STANDARD = gnu11;
				GCC_DYNAMIC_NO_PIC = NO;
				GCC_NO_COMMON_BLOCKS = YES;
				GCC_OPTIMIZATION_LEVEL = 0;
				GCC_PREPROCESSOR_DEFINITIONS = (
					"DEBUG=1",
					"$(inherited)",
				);
				GCC_WARN_64_TO_32_BIT_CONVERSION = YES;
				GCC_WARN_ABOUT_RETURN_TYPE = YES_ERROR;
				GCC_WARN_UNDECLARED_SELECTOR = YES;
				GCC_WARN_UNINITIALIZED_AUTOS = YES_AGGRESSIVE;
				GCC_WARN_UNUSED_FUNCTION = YES;
				GCC_WARN_UNUSED_VARIABLE = YES;
				IPHONEOS_DEPLOYMENT_TARGET = 13.2;
				MTL_ENABLE_DEBUG_INFO = INCLUDE_SOURCE;
				MTL_FAST_MATH = YES;
				ONLY_ACTIVE_ARCH = YES;
				SDKROOT = iphoneos;
				SWIFT_ACTIVE_COMPILATION_CONDITIONS = DEBUG;
				SWIFT_OPTIMIZATION_LEVEL = "-Onone";
			};
			name = Debug;
		};
		DCD8B7382412CB1900C95694 /* Release */ = {
			isa = XCBuildConfiguration;
			buildSettings = {
				ALWAYS_SEARCH_USER_PATHS = NO;
				CLANG_ANALYZER_NONNULL = YES;
				CLANG_ANALYZER_NUMBER_OBJECT_CONVERSION = YES_AGGRESSIVE;
				CLANG_CXX_LANGUAGE_STANDARD = "gnu++14";
				CLANG_CXX_LIBRARY = "libc++";
				CLANG_ENABLE_MODULES = YES;
				CLANG_ENABLE_OBJC_ARC = YES;
				CLANG_ENABLE_OBJC_WEAK = YES;
				CLANG_WARN_BLOCK_CAPTURE_AUTORELEASING = YES;
				CLANG_WARN_BOOL_CONVERSION = YES;
				CLANG_WARN_COMMA = YES;
				CLANG_WARN_CONSTANT_CONVERSION = YES;
				CLANG_WARN_DEPRECATED_OBJC_IMPLEMENTATIONS = YES;
				CLANG_WARN_DIRECT_OBJC_ISA_USAGE = YES_ERROR;
				CLANG_WARN_DOCUMENTATION_COMMENTS = YES;
				CLANG_WARN_EMPTY_BODY = YES;
				CLANG_WARN_ENUM_CONVERSION = YES;
				CLANG_WARN_INFINITE_RECURSION = YES;
				CLANG_WARN_INT_CONVERSION = YES;
				CLANG_WARN_NON_LITERAL_NULL_CONVERSION = YES;
				CLANG_WARN_OBJC_IMPLICIT_RETAIN_SELF = YES;
				CLANG_WARN_OBJC_LITERAL_CONVERSION = YES;
				CLANG_WARN_OBJC_ROOT_CLASS = YES_ERROR;
				CLANG_WARN_RANGE_LOOP_ANALYSIS = YES;
				CLANG_WARN_STRICT_PROTOTYPES = YES;
				CLANG_WARN_SUSPICIOUS_MOVE = YES;
				CLANG_WARN_UNGUARDED_AVAILABILITY = YES_AGGRESSIVE;
				CLANG_WARN_UNREACHABLE_CODE = YES;
				CLANG_WARN__DUPLICATE_METHOD_MATCH = YES;
				COPY_PHASE_STRIP = NO;
				DEBUG_INFORMATION_FORMAT = "dwarf-with-dsym";
				ENABLE_NS_ASSERTIONS = NO;
				ENABLE_STRICT_OBJC_MSGSEND = YES;
				GCC_C_LANGUAGE_STANDARD = gnu11;
				GCC_NO_COMMON_BLOCKS = YES;
				GCC_WARN_64_TO_32_BIT_CONVERSION = YES;
				GCC_WARN_ABOUT_RETURN_TYPE = YES_ERROR;
				GCC_WARN_UNDECLARED_SELECTOR = YES;
				GCC_WARN_UNINITIALIZED_AUTOS = YES_AGGRESSIVE;
				GCC_WARN_UNUSED_FUNCTION = YES;
				GCC_WARN_UNUSED_VARIABLE = YES;
				IPHONEOS_DEPLOYMENT_TARGET = 13.2;
				MTL_ENABLE_DEBUG_INFO = NO;
				MTL_FAST_MATH = YES;
				SDKROOT = iphoneos;
				SWIFT_COMPILATION_MODE = wholemodule;
				SWIFT_OPTIMIZATION_LEVEL = "-O";
				VALIDATE_PRODUCT = YES;
			};
			name = Release;
		};
		DCD8B73A2412CB1900C95694 /* Debug */ = {
			isa = XCBuildConfiguration;
			buildSettings = {
				ASSETCATALOG_COMPILER_APPICON_NAME = AppIcon;
				CODE_SIGN_STYLE = Automatic;
				DEVELOPMENT_ASSET_PATHS = "\"CardListSwiftUI/Preview Content\"";
				DEVELOPMENT_TEAM = 2CU37X4Q76;
				ENABLE_PREVIEWS = YES;
				INFOPLIST_FILE = CardListSwiftUI/Info.plist;
				LD_RUNPATH_SEARCH_PATHS = (
					"$(inherited)",
					"@executable_path/Frameworks",
				);
				PRODUCT_BUNDLE_IDENTIFIER = academy.mateus.CardListSwiftUI;
				PRODUCT_NAME = "$(TARGET_NAME)";
				SWIFT_VERSION = 5.0;
				TARGETED_DEVICE_FAMILY = "1,2";
			};
			name = Debug;
		};
		DCD8B73B2412CB1900C95694 /* Release */ = {
			isa = XCBuildConfiguration;
			buildSettings = {
				ASSETCATALOG_COMPILER_APPICON_NAME = AppIcon;
				CODE_SIGN_STYLE = Automatic;
				DEVELOPMENT_ASSET_PATHS = "\"CardListSwiftUI/Preview Content\"";
				DEVELOPMENT_TEAM = 2CU37X4Q76;
				ENABLE_PREVIEWS = YES;
				INFOPLIST_FILE = CardListSwiftUI/Info.plist;
				LD_RUNPATH_SEARCH_PATHS = (
					"$(inherited)",
					"@executable_path/Frameworks",
				);
				PRODUCT_BUNDLE_IDENTIFIER = academy.mateus.CardListSwiftUI;
				PRODUCT_NAME = "$(TARGET_NAME)";
				SWIFT_VERSION = 5.0;
				TARGETED_DEVICE_FAMILY = "1,2";
			};
			name = Release;
		};
/* End XCBuildConfiguration section */

/* Begin XCConfigurationList section */
		DCD8B7202412CB1600C95694 /* Build configuration list for PBXProject "CardListSwiftUI" */ = {
			isa = XCConfigurationList;
			buildConfigurations = (
				DCD8B7372412CB1900C95694 /* Debug */,
				DCD8B7382412CB1900C95694 /* Release */,
			);
			defaultConfigurationIsVisible = 0;
			defaultConfigurationName = Release;
		};
		DCD8B7392412CB1900C95694 /* Build configuration list for PBXNativeTarget "CardListSwiftUI" */ = {
			isa = XCConfigurationList;
			buildConfigurations = (
				DCD8B73A2412CB1900C95694 /* Debug */,
				DCD8B73B2412CB1900C95694 /* Release */,
			);
			defaultConfigurationIsVisible = 0;
			defaultConfigurationName = Release;
		};
/* End XCConfigurationList section */
	};
	rootObject = DCD8B71D2412CB1600C95694 /* Project object */;
}
