// !$*UTF8*$!
{
	archiveVersion = 1;
	classes = {
	};
	objectVersion = 50;
	objects = {

/* Begin PBXBuildFile section */
		091380B924D1AB230044F427 /* DayView.swift in Sources */ = {isa = PBXBuildFile; fileRef = 091380B824D1AB230044F427 /* DayView.swift */; };
		091380BB24D1AF130044F427 /* YearView.swift in Sources */ = {isa = PBXBuildFile; fileRef = 091380BA24D1AF130044F427 /* YearView.swift */; };
		0925150524D1A209009E486D /* ButtonDefault.swift in Sources */ = {isa = PBXBuildFile; fileRef = 0925150424D1A209009E486D /* ButtonDefault.swift */; };
		094AB1E124D0E475003B724A /* StartTimeView.swift in Sources */ = {isa = PBXBuildFile; fileRef = 094AB1E024D0E475003B724A /* StartTimeView.swift */; };
		094AB1E324D0EDF1003B724A /* TestView.swift in Sources */ = {isa = PBXBuildFile; fileRef = 094AB1E224D0EDF1003B724A /* TestView.swift */; };
		094AB1E524D11476003B724A /* QuarantineDurationView.swift in Sources */ = {isa = PBXBuildFile; fileRef = 094AB1E424D11476003B724A /* QuarantineDurationView.swift */; };
		094AB1E824D11595003B724A /* TitleDefault.swift in Sources */ = {isa = PBXBuildFile; fileRef = 094AB1E724D11595003B724A /* TitleDefault.swift */; };
		09E52BEA24C8E4D40041C892 /* AppDelegate.swift in Sources */ = {isa = PBXBuildFile; fileRef = 09E52BE924C8E4D40041C892 /* AppDelegate.swift */; };
		09E52BEC24C8E4D40041C892 /* SceneDelegate.swift in Sources */ = {isa = PBXBuildFile; fileRef = 09E52BEB24C8E4D40041C892 /* SceneDelegate.swift */; };
		09E52BEE24C8E4D40041C892 /* ContentView.swift in Sources */ = {isa = PBXBuildFile; fileRef = 09E52BED24C8E4D40041C892 /* ContentView.swift */; };
		09E52BF024C8E4DE0041C892 /* Assets.xcassets in Resources */ = {isa = PBXBuildFile; fileRef = 09E52BEF24C8E4DE0041C892 /* Assets.xcassets */; };
		09E52BF324C8E4DE0041C892 /* Preview Assets.xcassets in Resources */ = {isa = PBXBuildFile; fileRef = 09E52BF224C8E4DE0041C892 /* Preview Assets.xcassets */; };
		09E52BF624C8E4DE0041C892 /* LaunchScreen.storyboard in Resources */ = {isa = PBXBuildFile; fileRef = 09E52BF424C8E4DE0041C892 /* LaunchScreen.storyboard */; };
/* End PBXBuildFile section */

/* Begin PBXFileReference section */
		091380B824D1AB230044F427 /* DayView.swift */ = {isa = PBXFileReference; lastKnownFileType = sourcecode.swift; path = DayView.swift; sourceTree = "<group>"; };
		091380BA24D1AF130044F427 /* YearView.swift */ = {isa = PBXFileReference; lastKnownFileType = sourcecode.swift; path = YearView.swift; sourceTree = "<group>"; };
		0925150424D1A209009E486D /* ButtonDefault.swift */ = {isa = PBXFileReference; lastKnownFileType = sourcecode.swift; path = ButtonDefault.swift; sourceTree = "<group>"; };
		094AB1E024D0E475003B724A /* StartTimeView.swift */ = {isa = PBXFileReference; lastKnownFileType = sourcecode.swift; path = StartTimeView.swift; sourceTree = "<group>"; };
		094AB1E224D0EDF1003B724A /* TestView.swift */ = {isa = PBXFileReference; lastKnownFileType = sourcecode.swift; path = TestView.swift; sourceTree = "<group>"; };
		094AB1E424D11476003B724A /* QuarantineDurationView.swift */ = {isa = PBXFileReference; lastKnownFileType = sourcecode.swift; path = QuarantineDurationView.swift; sourceTree = "<group>"; };
		094AB1E724D11595003B724A /* TitleDefault.swift */ = {isa = PBXFileReference; lastKnownFileType = sourcecode.swift; path = TitleDefault.swift; sourceTree = "<group>"; };
		09E52BE624C8E4D40041C892 /* TimeOnQuarantine.app */ = {isa = PBXFileReference; explicitFileType = wrapper.application; includeInIndex = 0; path = TimeOnQuarantine.app; sourceTree = BUILT_PRODUCTS_DIR; };
		09E52BE924C8E4D40041C892 /* AppDelegate.swift */ = {isa = PBXFileReference; lastKnownFileType = sourcecode.swift; path = AppDelegate.swift; sourceTree = "<group>"; };
		09E52BEB24C8E4D40041C892 /* SceneDelegate.swift */ = {isa = PBXFileReference; lastKnownFileType = sourcecode.swift; path = SceneDelegate.swift; sourceTree = "<group>"; };
		09E52BED24C8E4D40041C892 /* ContentView.swift */ = {isa = PBXFileReference; lastKnownFileType = sourcecode.swift; path = ContentView.swift; sourceTree = "<group>"; };
		09E52BEF24C8E4DE0041C892 /* Assets.xcassets */ = {isa = PBXFileReference; lastKnownFileType = folder.assetcatalog; path = Assets.xcassets; sourceTree = "<group>"; };
		09E52BF224C8E4DE0041C892 /* Preview Assets.xcassets */ = {isa = PBXFileReference; lastKnownFileType = folder.assetcatalog; path = "Preview Assets.xcassets"; sourceTree = "<group>"; };
		09E52BF524C8E4DE0041C892 /* Base */ = {isa = PBXFileReference; lastKnownFileType = file.storyboard; name = Base; path = Base.lproj/LaunchScreen.storyboard; sourceTree = "<group>"; };
		09E52BF724C8E4DE0041C892 /* Info.plist */ = {isa = PBXFileReference; lastKnownFileType = text.plist.xml; path = Info.plist; sourceTree = "<group>"; };
/* End PBXFileReference section */

/* Begin PBXFrameworksBuildPhase section */
		09E52BE324C8E4D40041C892 /* Frameworks */ = {
			isa = PBXFrameworksBuildPhase;
			buildActionMask = 2147483647;
			files = (
			);
			runOnlyForDeploymentPostprocessing = 0;
		};
/* End PBXFrameworksBuildPhase section */

/* Begin PBXGroup section */
		094AB1E624D11561003B724A /* Title */ = {
			isa = PBXGroup;
			children = (
				094AB1E724D11595003B724A /* TitleDefault.swift */,
				0925150424D1A209009E486D /* ButtonDefault.swift */,
				091380B824D1AB230044F427 /* DayView.swift */,
				091380BA24D1AF130044F427 /* YearView.swift */,
			);
			path = Title;
			sourceTree = "<group>";
		};
		09D95D4F24D1283500A947C3 /* Views */ = {
			isa = PBXGroup;
			children = (
				094AB1E024D0E475003B724A /* StartTimeView.swift */,
				094AB1E424D11476003B724A /* QuarantineDurationView.swift */,
				09E52BED24C8E4D40041C892 /* ContentView.swift */,
			);
			path = Views;
			sourceTree = "<group>";
		};
		09E52BDD24C8E4D40041C892 = {
			isa = PBXGroup;
			children = (
				09E52BE824C8E4D40041C892 /* TimeOnQuarantine */,
				09E52BE724C8E4D40041C892 /* Products */,
			);
			sourceTree = "<group>";
		};
		09E52BE724C8E4D40041C892 /* Products */ = {
			isa = PBXGroup;
			children = (
				09E52BE624C8E4D40041C892 /* TimeOnQuarantine.app */,
			);
			name = Products;
			sourceTree = "<group>";
		};
		09E52BE824C8E4D40041C892 /* TimeOnQuarantine */ = {
			isa = PBXGroup;
			children = (
				09D95D4F24D1283500A947C3 /* Views */,
				094AB1E624D11561003B724A /* Title */,
				09E52BE924C8E4D40041C892 /* AppDelegate.swift */,
				09E52BEB24C8E4D40041C892 /* SceneDelegate.swift */,
				094AB1E224D0EDF1003B724A /* TestView.swift */,
				09E52BEF24C8E4DE0041C892 /* Assets.xcassets */,
				09E52BF424C8E4DE0041C892 /* LaunchScreen.storyboard */,
				09E52BF724C8E4DE0041C892 /* Info.plist */,
				09E52BF124C8E4DE0041C892 /* Preview Content */,
			);
			path = TimeOnQuarantine;
			sourceTree = "<group>";
		};
		09E52BF124C8E4DE0041C892 /* Preview Content */ = {
			isa = PBXGroup;
			children = (
				09E52BF224C8E4DE0041C892 /* Preview Assets.xcassets */,
			);
			path = "Preview Content";
			sourceTree = "<group>";
		};
/* End PBXGroup section */

/* Begin PBXNativeTarget section */
		09E52BE524C8E4D40041C892 /* TimeOnQuarantine */ = {
			isa = PBXNativeTarget;
			buildConfigurationList = 09E52BFA24C8E4DF0041C892 /* Build configuration list for PBXNativeTarget "TimeOnQuarantine" */;
			buildPhases = (
				09E52BE224C8E4D40041C892 /* Sources */,
				09E52BE324C8E4D40041C892 /* Frameworks */,
				09E52BE424C8E4D40041C892 /* Resources */,
			);
			buildRules = (
			);
			dependencies = (
			);
			name = TimeOnQuarantine;
			productName = TimeOnQuarantine;
			productReference = 09E52BE624C8E4D40041C892 /* TimeOnQuarantine.app */;
			productType = "com.apple.product-type.application";
		};
/* End PBXNativeTarget section */

/* Begin PBXProject section */
		09E52BDE24C8E4D40041C892 /* Project object */ = {
			isa = PBXProject;
			attributes = {
				LastSwiftUpdateCheck = 1160;
				LastUpgradeCheck = 1160;
				ORGANIZATIONNAME = "Jessica Lewinter";
				TargetAttributes = {
					09E52BE524C8E4D40041C892 = {
						CreatedOnToolsVersion = 11.6;
					};
				};
			};
			buildConfigurationList = 09E52BE124C8E4D40041C892 /* Build configuration list for PBXProject "TimeOnQuarantine" */;
			compatibilityVersion = "Xcode 9.3";
			developmentRegion = en;
			hasScannedForEncodings = 0;
			knownRegions = (
				en,
				Base,
			);
			mainGroup = 09E52BDD24C8E4D40041C892;
			productRefGroup = 09E52BE724C8E4D40041C892 /* Products */;
			projectDirPath = "";
			projectRoot = "";
			targets = (
				09E52BE524C8E4D40041C892 /* TimeOnQuarantine */,
			);
		};
/* End PBXProject section */

/* Begin PBXResourcesBuildPhase section */
		09E52BE424C8E4D40041C892 /* Resources */ = {
			isa = PBXResourcesBuildPhase;
			buildActionMask = 2147483647;
			files = (
				09E52BF624C8E4DE0041C892 /* LaunchScreen.storyboard in Resources */,
				09E52BF324C8E4DE0041C892 /* Preview Assets.xcassets in Resources */,
				09E52BF024C8E4DE0041C892 /* Assets.xcassets in Resources */,
			);
			runOnlyForDeploymentPostprocessing = 0;
		};
/* End PBXResourcesBuildPhase section */

/* Begin PBXSourcesBuildPhase section */
		09E52BE224C8E4D40041C892 /* Sources */ = {
			isa = PBXSourcesBuildPhase;
			buildActionMask = 2147483647;
			files = (
				094AB1E524D11476003B724A /* QuarantineDurationView.swift in Sources */,
				091380B924D1AB230044F427 /* DayView.swift in Sources */,
				0925150524D1A209009E486D /* ButtonDefault.swift in Sources */,
				094AB1E324D0EDF1003B724A /* TestView.swift in Sources */,
				09E52BEA24C8E4D40041C892 /* AppDelegate.swift in Sources */,
				094AB1E124D0E475003B724A /* StartTimeView.swift in Sources */,
				094AB1E824D11595003B724A /* TitleDefault.swift in Sources */,
				09E52BEC24C8E4D40041C892 /* SceneDelegate.swift in Sources */,
				09E52BEE24C8E4D40041C892 /* ContentView.swift in Sources */,
				091380BB24D1AF130044F427 /* YearView.swift in Sources */,
			);
			runOnlyForDeploymentPostprocessing = 0;
		};
/* End PBXSourcesBuildPhase section */

/* Begin PBXVariantGroup section */
		09E52BF424C8E4DE0041C892 /* LaunchScreen.storyboard */ = {
			isa = PBXVariantGroup;
			children = (
				09E52BF524C8E4DE0041C892 /* Base */,
			);
			name = LaunchScreen.storyboard;
			sourceTree = "<group>";
		};
/* End PBXVariantGroup section */

/* Begin XCBuildConfiguration section */
		09E52BF824C8E4DF0041C892 /* Debug */ = {
			isa = XCBuildConfiguration;
			buildSettings = {
				ALWAYS_SEARCH_USER_PATHS = NO;
				CLANG_ANALYZER_NONNULL = YES;
				CLANG_ANALYZER_NUMBER_OBJECT_CONVERSION = YES_AGGRESSIVE;
				CLANG_CXX_LANGUAGE_STANDARD = "gnu++14";
				CLANG_CXX_LIBRARY = "libc++";
				CLANG_ENABLE_MODULES = YES;
				CLANG_ENABLE_OBJC_ARC = YES;
				CLANG_ENABLE_OBJC_WEAK = YES;
				CLANG_WARN_BLOCK_CAPTURE_AUTORELEASING = YES;
				CLANG_WARN_BOOL_CONVERSION = YES;
				CLANG_WARN_COMMA = YES;
				CLANG_WARN_CONSTANT_CONVERSION = YES;
				CLANG_WARN_DEPRECATED_OBJC_IMPLEMENTATIONS = YES;
				CLANG_WARN_DIRECT_OBJC_ISA_USAGE = YES_ERROR;
				CLANG_WARN_DOCUMENTATION_COMMENTS = YES;
				CLANG_WARN_EMPTY_BODY = YES;
				CLANG_WARN_ENUM_CONVERSION = YES;
				CLANG_WARN_INFINITE_RECURSION = YES;
				CLANG_WARN_INT_CONVERSION = YES;
				CLANG_WARN_NON_LITERAL_NULL_CONVERSION = YES;
				CLANG_WARN_OBJC_IMPLICIT_RETAIN_SELF = YES;
				CLANG_WARN_OBJC_LITERAL_CONVERSION = YES;
				CLANG_WARN_OBJC_ROOT_CLASS = YES_ERROR;
				CLANG_WARN_RANGE_LOOP_ANALYSIS = YES;
				CLANG_WARN_STRICT_PROTOTYPES = YES;
				CLANG_WARN_SUSPICIOUS_MOVE = YES;
				CLANG_WARN_UNGUARDED_AVAILABILITY = YES_AGGRESSIVE;
				CLANG_WARN_UNREACHABLE_CODE = YES;
				CLANG_WARN__DUPLICATE_METHOD_MATCH = YES;
				COPY_PHASE_STRIP = NO;
				DEBUG_INFORMATION_FORMAT = dwarf;
				ENABLE_STRICT_OBJC_MSGSEND = YES;
				ENABLE_TESTABILITY = YES;
				GCC_C_LANGUAGE_STANDARD = gnu11;
				GCC_DYNAMIC_NO_PIC = NO;
				GCC_NO_COMMON_BLOCKS = YES;
				GCC_OPTIMIZATION_LEVEL = 0;
				GCC_PREPROCESSOR_DEFINITIONS = (
					"DEBUG=1",
					"$(inherited)",
				);
				GCC_WARN_64_TO_32_BIT_CONVERSION = YES;
				GCC_WARN_ABOUT_RETURN_TYPE = YES_ERROR;
				GCC_WARN_UNDECLARED_SELECTOR = YES;
				GCC_WARN_UNINITIALIZED_AUTOS = YES_AGGRESSIVE;
				GCC_WARN_UNUSED_FUNCTION = YES;
				GCC_WARN_UNUSED_VARIABLE = YES;
				IPHONEOS_DEPLOYMENT_TARGET = 13.6;
				MTL_ENABLE_DEBUG_INFO = INCLUDE_SOURCE;
				MTL_FAST_MATH = YES;
				ONLY_ACTIVE_ARCH = YES;
				SDKROOT = iphoneos;
				SWIFT_ACTIVE_COMPILATION_CONDITIONS = DEBUG;
				SWIFT_OPTIMIZATION_LEVEL = "-Onone";
			};
			name = Debug;
		};
		09E52BF924C8E4DF0041C892 /* Release */ = {
			isa = XCBuildConfiguration;
			buildSettings = {
				ALWAYS_SEARCH_USER_PATHS = NO;
				CLANG_ANALYZER_NONNULL = YES;
				CLANG_ANALYZER_NUMBER_OBJECT_CONVERSION = YES_AGGRESSIVE;
				CLANG_CXX_LANGUAGE_STANDARD = "gnu++14";
				CLANG_CXX_LIBRARY = "libc++";
				CLANG_ENABLE_MODULES = YES;
				CLANG_ENABLE_OBJC_ARC = YES;
				CLANG_ENABLE_OBJC_WEAK = YES;
				CLANG_WARN_BLOCK_CAPTURE_AUTORELEASING = YES;
				CLANG_WARN_BOOL_CONVERSION = YES;
				CLANG_WARN_COMMA = YES;
				CLANG_WARN_CONSTANT_CONVERSION = YES;
				CLANG_WARN_DEPRECATED_OBJC_IMPLEMENTATIONS = YES;
				CLANG_WARN_DIRECT_OBJC_ISA_USAGE = YES_ERROR;
				CLANG_WARN_DOCUMENTATION_COMMENTS = YES;
				CLANG_WARN_EMPTY_BODY = YES;
				CLANG_WARN_ENUM_CONVERSION = YES;
				CLANG_WARN_INFINITE_RECURSION = YES;
				CLANG_WARN_INT_CONVERSION = YES;
				CLANG_WARN_NON_LITERAL_NULL_CONVERSION = YES;
				CLANG_WARN_OBJC_IMPLICIT_RETAIN_SELF = YES;
				CLANG_WARN_OBJC_LITERAL_CONVERSION = YES;
				CLANG_WARN_OBJC_ROOT_CLASS = YES_ERROR;
				CLANG_WARN_RANGE_LOOP_ANALYSIS = YES;
				CLANG_WARN_STRICT_PROTOTYPES = YES;
				CLANG_WARN_SUSPICIOUS_MOVE = YES;
				CLANG_WARN_UNGUARDED_AVAILABILITY = YES_AGGRESSIVE;
				CLANG_WARN_UNREACHABLE_CODE = YES;
				CLANG_WARN__DUPLICATE_METHOD_MATCH = YES;
				COPY_PHASE_STRIP = NO;
				DEBUG_INFORMATION_FORMAT = "dwarf-with-dsym";
				ENABLE_NS_ASSERTIONS = NO;
				ENABLE_STRICT_OBJC_MSGSEND = YES;
				GCC_C_LANGUAGE_STANDARD = gnu11;
				GCC_NO_COMMON_BLOCKS = YES;
				GCC_WARN_64_TO_32_BIT_CONVERSION = YES;
				GCC_WARN_ABOUT_RETURN_TYPE = YES_ERROR;
				GCC_WARN_UNDECLARED_SELECTOR = YES;
				GCC_WARN_UNINITIALIZED_AUTOS = YES_AGGRESSIVE;
				GCC_WARN_UNUSED_FUNCTION = YES;
				GCC_WARN_UNUSED_VARIABLE = YES;
				IPHONEOS_DEPLOYMENT_TARGET = 13.6;
				MTL_ENABLE_DEBUG_INFO = NO;
				MTL_FAST_MATH = YES;
				SDKROOT = iphoneos;
				SWIFT_COMPILATION_MODE = wholemodule;
				SWIFT_OPTIMIZATION_LEVEL = "-O";
				VALIDATE_PRODUCT = YES;
			};
			name = Release;
		};
		09E52BFB24C8E4DF0041C892 /* Debug */ = {
			isa = XCBuildConfiguration;
			buildSettings = {
				ASSETCATALOG_COMPILER_APPICON_NAME = AppIcon;
				CODE_SIGN_STYLE = Automatic;
				DEVELOPMENT_ASSET_PATHS = "\"TimeOnQuarantine/Preview Content\"";
				DEVELOPMENT_TEAM = FG6BFSTBUF;
				ENABLE_PREVIEWS = YES;
				INFOPLIST_FILE = TimeOnQuarantine/Info.plist;
				LD_RUNPATH_SEARCH_PATHS = (
					"$(inherited)",
					"@executable_path/Frameworks",
				);
				PRODUCT_BUNDLE_IDENTIFIER = com.jessicalewinter.TimeOnQuarantine;
				PRODUCT_NAME = "$(TARGET_NAME)";
				SWIFT_VERSION = 5.0;
				TARGETED_DEVICE_FAMILY = "1,2";
			};
			name = Debug;
		};
		09E52BFC24C8E4DF0041C892 /* Release */ = {
			isa = XCBuildConfiguration;
			buildSettings = {
				ASSETCATALOG_COMPILER_APPICON_NAME = AppIcon;
				CODE_SIGN_STYLE = Automatic;
				DEVELOPMENT_ASSET_PATHS = "\"TimeOnQuarantine/Preview Content\"";
				DEVELOPMENT_TEAM = FG6BFSTBUF;
				ENABLE_PREVIEWS = YES;
				INFOPLIST_FILE = TimeOnQuarantine/Info.plist;
				LD_RUNPATH_SEARCH_PATHS = (
					"$(inherited)",
					"@executable_path/Frameworks",
				);
				PRODUCT_BUNDLE_IDENTIFIER = com.jessicalewinter.TimeOnQuarantine;
				PRODUCT_NAME = "$(TARGET_NAME)";
				SWIFT_VERSION = 5.0;
				TARGETED_DEVICE_FAMILY = "1,2";
			};
			name = Release;
		};
/* End XCBuildConfiguration section */

/* Begin XCConfigurationList section */
		09E52BE124C8E4D40041C892 /* Build configuration list for PBXProject "TimeOnQuarantine" */ = {
			isa = XCConfigurationList;
			buildConfigurations = (
				09E52BF824C8E4DF0041C892 /* Debug */,
				09E52BF924C8E4DF0041C892 /* Release */,
			);
			defaultConfigurationIsVisible = 0;
			defaultConfigurationName = Release;
		};
		09E52BFA24C8E4DF0041C892 /* Build configuration list for PBXNativeTarget "TimeOnQuarantine" */ = {
			isa = XCConfigurationList;
			buildConfigurations = (
				09E52BFB24C8E4DF0041C892 /* Debug */,
				09E52BFC24C8E4DF0041C892 /* Release */,
			);
			defaultConfigurationIsVisible = 0;
			defaultConfigurationName = Release;
		};
/* End XCConfigurationList section */
	};
	rootObject = 09E52BDE24C8E4D40041C892 /* Project object */;
}
